github.com/feichashao/helperlib v1.0.0 h1:hp3vZ5qrKLjA2ZyAt2mZzkhYGr2sdATDuzcHq6o+nxE=
github.com/feichashao/helperlib v1.0.0/go.mod h1:gMJWHwYTTBxuMPN2ZJZupQhQK550QybalNt8a+lDLGY=
github.com/feichashao/helperlib v1.1.0 h1:VXmYMw2rPscI0MUP66xAQcYstLP/Fa6oy11HPGdqabY=
github.com/feichashao/helperlib v1.1.0/go.mod h1:gMJWHwYTTBxuMPN2ZJZupQhQK550QybalNt8a+lDLGY=
